
Microsoft Visual Studio Solution File, Format Version 10.00
# Visual Studio 2008
Project("{FAE04EC0-301F-11D3-BF4B-00C04F79EFBC}") = "MvcRppito", "MvcRppito.csproj", "{C5059E88-F88A-4FCA-B537-AAB253C19461}"
EndProject
Project("{FAE04EC0-301F-11D3-BF4B-00C04F79EFBC}") = "MvcRppito.Tests", "..\MvcRppito.Tests\MvcRppito.Tests.csproj", "{A929E13C-82AB-43DE-AB92-35D2EB3CE9E0}"
EndProject
Global
	GlobalSection(SubversionScc) = preSolution
		Svn-Managed = True
		Manager = AnkhSVN - Subversion Support for Visual Studio
	EndGlobalSection
	GlobalSection(SolutionConfigurationPlatforms) = preSolution
		Debug|Any CPU = Debug|Any CPU
		Release|Any CPU = Release|Any CPU
	EndGlobalSection
	GlobalSection(ProjectConfigurationPlatforms) = postSolution
		{C5059E88-F88A-4FCA-B537-AAB253C19461}.Debug|Any CPU.ActiveCfg = Debug|Any CPU
		{C5059E88-F88A-4FCA-B537-AAB253C19461}.Debug|Any CPU.Build.0 = Debug|Any CPU
		{C5059E88-F88A-4FCA-B537-AAB253C19461}.Release|Any CPU.ActiveCfg = Release|Any CPU
		{C5059E88-F88A-4FCA-B537-AAB253C19461}.Release|Any CPU.Build.0 = Release|Any CPU
		{A929E13C-82AB-43DE-AB92-35D2EB3CE9E0}.Debug|Any CPU.ActiveCfg = Debug|Any CPU
		{A929E13C-82AB-43DE-AB92-35D2EB3CE9E0}.Debug|Any CPU.Build.0 = Debug|Any CPU
		{A929E13C-82AB-43DE-AB92-35D2EB3CE9E0}.Release|Any CPU.ActiveCfg = Release|Any CPU
		{A929E13C-82AB-43DE-AB92-35D2EB3CE9E0}.Release|Any CPU.Build.0 = Release|Any CPU
	EndGlobalSection
	GlobalSection(SolutionProperties) = preSolution
		HideSolutionNode = FALSE
	EndGlobalSection
EndGlobal
